
Microsoft Visual Studio Solution File, Format Version 12.00
# Visual Studio Version 17
VisualStudioVersion = 17.4.33205.214
MinimumVisualStudioVersion = 10.0.40219.1
Project("{FAE04EC0-301F-11D3-BF4B-00C04F79EFBC}") = "LittleLibrary", "LittleLibrary\LittleLibrary.csproj", "{D31BC6A3-EB5B-42BB-9DBF-E1C7BD482992}"
EndProject
Global
	GlobalSection(SolutionConfigurationPlatforms) = preSolution
		Debug|Any CPU = Debug|Any CPU
		Release|Any CPU = Release|Any CPU
	EndGlobalSection
	GlobalSection(ProjectConfigurationPlatforms) = postSolution
		{D31BC6A3-EB5B-42BB-9DBF-E1C7BD482992}.Debug|Any CPU.ActiveCfg = Debug|Any CPU
		{D31BC6A3-EB5B-42BB-9DBF-E1C7BD482992}.Debug|Any CPU.Build.0 = Debug|Any CPU
		{D31BC6A3-EB5B-42BB-9DBF-E1C7BD482992}.Release|Any CPU.ActiveCfg = Release|Any CPU
		{D31BC6A3-EB5B-42BB-9DBF-E1C7BD482992}.Release|Any CPU.Build.0 = Release|Any CPU
	EndGlobalSection
	GlobalSection(SolutionProperties) = preSolution
		HideSolutionNode = FALSE
	EndGlobalSection
	GlobalSection(ExtensibilityGlobals) = postSolution
		SolutionGuid = {335A26C0-2E02-49E5-9BC0-F00A794CCD6E}
	EndGlobalSection
EndGlobal
